
Microsoft Visual Studio Solution File, Format Version 12.00
# Visual Studio Version 16
VisualStudioVersion = 16.0.33130.400
MinimumVisualStudioVersion = 10.0.40219.1
Project("{8BC9CEB8-8B4A-11D0-8D11-00A0C91BC942}") = "projectdemo", "projectdemo.vcxproj", "{BFA858B3-BEFF-41C0-A319-DA8B6A430831}"
EndProject
Project("{54435603-DBB4-11D2-8724-00A0C9A8B90C}") = "setupdemo", "..\setupdemo\setupdemo.vdproj", "{4AFBB7CF-B0BA-4B8F-8574-50FD902068E1}"
EndProject
Global
	GlobalSection(SolutionConfigurationPlatforms) = preSolution
		Debug|x64 = Debug|x64
		Debug|x86 = Debug|x86
		Release|x64 = Release|x64
		Release|x86 = Release|x86
	EndGlobalSection
	GlobalSection(ProjectConfigurationPlatforms) = postSolution
		{BFA858B3-BEFF-41C0-A319-DA8B6A430831}.Debug|x64.ActiveCfg = Debug|x64
		{BFA858B3-BEFF-41C0-A319-DA8B6A430831}.Debug|x64.Build.0 = Debug|x64
		{BFA858B3-BEFF-41C0-A319-DA8B6A430831}.Debug|x86.ActiveCfg = Debug|Win32
		{BFA858B3-BEFF-41C0-A319-DA8B6A430831}.Debug|x86.Build.0 = Debug|Win32
		{BFA858B3-BEFF-41C0-A319-DA8B6A430831}.Release|x64.ActiveCfg = Release|x64
		{BFA858B3-BEFF-41C0-A319-DA8B6A430831}.Release|x64.Build.0 = Release|x64
		{BFA858B3-BEFF-41C0-A319-DA8B6A430831}.Release|x86.ActiveCfg = Release|Win32
		{BFA858B3-BEFF-41C0-A319-DA8B6A430831}.Release|x86.Build.0 = Release|Win32
		{4AFBB7CF-B0BA-4B8F-8574-50FD902068E1}.Debug|x64.ActiveCfg = Debug
		{4AFBB7CF-B0BA-4B8F-8574-50FD902068E1}.Debug|x86.ActiveCfg = Debug
		{4AFBB7CF-B0BA-4B8F-8574-50FD902068E1}.Release|x64.ActiveCfg = Release
		{4AFBB7CF-B0BA-4B8F-8574-50FD902068E1}.Release|x86.ActiveCfg = Release
	EndGlobalSection
	GlobalSection(SolutionProperties) = preSolution
		HideSolutionNode = FALSE
	EndGlobalSection
	GlobalSection(ExtensibilityGlobals) = postSolution
		SolutionGuid = {17919370-FAD7-48E7-B060-E5DEA270D357}
	EndGlobalSection
EndGlobal
